
Microsoft Visual Studio Solution File, Format Version 12.00
# Visual Studio Version 16
VisualStudioVersion = 16.0.32228.343
MinimumVisualStudioVersion = 10.0.40219.1
Project("{FAE04EC0-301F-11D3-BF4B-00C04F79EFBC}") = "SRPlaylistDownloader", "SRPlaylistDownloader\SRPlaylistDownloader.csproj", "{CCE8F53B-8076-4FED-A900-A54EEFDB5CDB}"
EndProject
Global
	GlobalSection(SolutionConfigurationPlatforms) = preSolution
		Debug|Any CPU = Debug|Any CPU
		Release|Any CPU = Release|Any CPU
	EndGlobalSection
	GlobalSection(ProjectConfigurationPlatforms) = postSolution
		{CCE8F53B-8076-4FED-A900-A54EEFDB5CDB}.Debug|Any CPU.ActiveCfg = Debug|Any CPU
		{CCE8F53B-8076-4FED-A900-A54EEFDB5CDB}.Debug|Any CPU.Build.0 = Debug|Any CPU
		{CCE8F53B-8076-4FED-A900-A54EEFDB5CDB}.Release|Any CPU.ActiveCfg = Release|Any CPU
		{CCE8F53B-8076-4FED-A900-A54EEFDB5CDB}.Release|Any CPU.Build.0 = Release|Any CPU
	EndGlobalSection
	GlobalSection(SolutionProperties) = preSolution
		HideSolutionNode = FALSE
	EndGlobalSection
	GlobalSection(ExtensibilityGlobals) = postSolution
		SolutionGuid = {1F1373D5-BA76-4E0D-AEA2-EA7CC42DAAE7}
	EndGlobalSection
EndGlobal
